
Microsoft Visual Studio Solution File, Format Version 12.00
# Visual Studio 15
VisualStudioVersion = 15.0.26730.16
MinimumVisualStudioVersion = 10.0.40219.1
Project("{FAE04EC0-301F-11D3-BF4B-00C04F79EFBC}") = "CodedHomes.Models", "CodedHomes.Models\CodedHomes.Models.csproj", "{C0C72091-BDE4-4F2B-A7A1-E297754018A1}"
EndProject
Project("{FAE04EC0-301F-11D3-BF4B-00C04F79EFBC}") = "CodedHomes.Data", "CodedHomes.Data\CodedHomes.Data.csproj", "{A9F8B205-569B-4238-B4D7-2D530C8242BD}"
EndProject
Project("{FAE04EC0-301F-11D3-BF4B-00C04F79EFBC}") = "CodedHomes.ConsoleApp", "CodedHomes.ConsoleApp\CodedHomes.ConsoleApp.csproj", "{C1EF70B4-1437-4E36-8B18-185CE9B7CEBD}"
EndProject
Project("{FAE04EC0-301F-11D3-BF4B-00C04F79EFBC}") = "CodedHomes.Web", "CodedHomes.Web\CodedHomes.Web.csproj", "{A52DFB84-BC44-46BD-B18D-5F4B988B3B05}"
EndProject
Global
	GlobalSection(SolutionConfigurationPlatforms) = preSolution
		Debug|Any CPU = Debug|Any CPU
		Release|Any CPU = Release|Any CPU
	EndGlobalSection
	GlobalSection(ProjectConfigurationPlatforms) = postSolution
		{C0C72091-BDE4-4F2B-A7A1-E297754018A1}.Debug|Any CPU.ActiveCfg = Debug|Any CPU
		{C0C72091-BDE4-4F2B-A7A1-E297754018A1}.Debug|Any CPU.Build.0 = Debug|Any CPU
		{C0C72091-BDE4-4F2B-A7A1-E297754018A1}.Release|Any CPU.ActiveCfg = Release|Any CPU
		{C0C72091-BDE4-4F2B-A7A1-E297754018A1}.Release|Any CPU.Build.0 = Release|Any CPU
		{A9F8B205-569B-4238-B4D7-2D530C8242BD}.Debug|Any CPU.ActiveCfg = Debug|Any CPU
		{A9F8B205-569B-4238-B4D7-2D530C8242BD}.Debug|Any CPU.Build.0 = Debug|Any CPU
		{A9F8B205-569B-4238-B4D7-2D530C8242BD}.Release|Any CPU.ActiveCfg = Release|Any CPU
		{A9F8B205-569B-4238-B4D7-2D530C8242BD}.Release|Any CPU.Build.0 = Release|Any CPU
		{C1EF70B4-1437-4E36-8B18-185CE9B7CEBD}.Debug|Any CPU.ActiveCfg = Debug|Any CPU
		{C1EF70B4-1437-4E36-8B18-185CE9B7CEBD}.Debug|Any CPU.Build.0 = Debug|Any CPU
		{C1EF70B4-1437-4E36-8B18-185CE9B7CEBD}.Release|Any CPU.ActiveCfg = Release|Any CPU
		{C1EF70B4-1437-4E36-8B18-185CE9B7CEBD}.Release|Any CPU.Build.0 = Release|Any CPU
		{A52DFB84-BC44-46BD-B18D-5F4B988B3B05}.Debug|Any CPU.ActiveCfg = Debug|Any CPU
		{A52DFB84-BC44-46BD-B18D-5F4B988B3B05}.Debug|Any CPU.Build.0 = Debug|Any CPU
		{A52DFB84-BC44-46BD-B18D-5F4B988B3B05}.Release|Any CPU.ActiveCfg = Release|Any CPU
		{A52DFB84-BC44-46BD-B18D-5F4B988B3B05}.Release|Any CPU.Build.0 = Release|Any CPU
	EndGlobalSection
	GlobalSection(SolutionProperties) = preSolution
		HideSolutionNode = FALSE
	EndGlobalSection
	GlobalSection(ExtensibilityGlobals) = postSolution
		SolutionGuid = {C8F27887-07B8-412D-871E-3CCD4AAFB5EA}
	EndGlobalSection
EndGlobal
